{
  "pins" : [
    {
      "identity" : "resting",
      "kind" : "remoteSourceControl",
      "location" : "https://github.com/rocxteady/Resting.git",
      "state" : {
        "revision" : "d0e2284183fd85a820f915b33f08ce323e2d2823",
        "version" : "1.0.0-beta.1"
      }
    }
  ],
  "version" : 2
}
