{
  "pins" : [
    {
      "identity" : "resting",
      "kind" : "remoteSourceControl",
      "location" : "https://github.com/rocxteady/Resting.git",
      "state" : {
        "revision" : "667c7e7903e41ccd4ab8a39f4df0570a29f49ead",
        "version" : "0.0.9"
      }
    }
  ],
  "version" : 2
}
